
Microsoft Visual Studio Solution File, Format Version 12.00
# Visual Studio Version 17
VisualStudioVersion = 17.6.33801.468
MinimumVisualStudioVersion = 10.0.40219.1
Project("{FAE04EC0-301F-11D3-BF4B-00C04F79EFBC}") = "KCompanyWebApp", "KCompanyWebApp.csproj", "{D2ED3FF4-2AC7-4039-A778-530C162F82DF}"
EndProject
Global
	GlobalSection(SolutionConfigurationPlatforms) = preSolution
		Debug|Any CPU = Debug|Any CPU
		Release|Any CPU = Release|Any CPU
	EndGlobalSection
	GlobalSection(ProjectConfigurationPlatforms) = postSolution
		{D2ED3FF4-2AC7-4039-A778-530C162F82DF}.Debug|Any CPU.ActiveCfg = Debug|Any CPU
		{D2ED3FF4-2AC7-4039-A778-530C162F82DF}.Debug|Any CPU.Build.0 = Debug|Any CPU
		{D2ED3FF4-2AC7-4039-A778-530C162F82DF}.Release|Any CPU.ActiveCfg = Release|Any CPU
		{D2ED3FF4-2AC7-4039-A778-530C162F82DF}.Release|Any CPU.Build.0 = Release|Any CPU
	EndGlobalSection
	GlobalSection(SolutionProperties) = preSolution
		HideSolutionNode = FALSE
	EndGlobalSection
	GlobalSection(ExtensibilityGlobals) = postSolution
		SolutionGuid = {EE2D22D5-DCB1-422B-A552-AA440EABD3A2}
	EndGlobalSection
EndGlobal
